
Microsoft Visual Studio Solution File, Format Version 12.00
# Visual Studio Version 17
VisualStudioVersion = 17.9.34622.214
MinimumVisualStudioVersion = 10.0.40219.1
Project("{FAE04EC0-301F-11D3-BF4B-00C04F79EFBC}") = "Lab0", "Lab0\Lab0.csproj", "{24F07EBA-098C-4E0A-B92A-5941473CEE32}"
EndProject
Global
	GlobalSection(SolutionConfigurationPlatforms) = preSolution
		Debug|Any CPU = Debug|Any CPU
		Release|Any CPU = Release|Any CPU
	EndGlobalSection
	GlobalSection(ProjectConfigurationPlatforms) = postSolution
		{24F07EBA-098C-4E0A-B92A-5941473CEE32}.Debug|Any CPU.ActiveCfg = Debug|Any CPU
		{24F07EBA-098C-4E0A-B92A-5941473CEE32}.Debug|Any CPU.Build.0 = Debug|Any CPU
		{24F07EBA-098C-4E0A-B92A-5941473CEE32}.Release|Any CPU.ActiveCfg = Release|Any CPU
		{24F07EBA-098C-4E0A-B92A-5941473CEE32}.Release|Any CPU.Build.0 = Release|Any CPU
	EndGlobalSection
	GlobalSection(SolutionProperties) = preSolution
		HideSolutionNode = FALSE
	EndGlobalSection
	GlobalSection(ExtensibilityGlobals) = postSolution
		SolutionGuid = {DBCC3619-EAD3-4E9F-B012-65DDB68E4D2A}
	EndGlobalSection
EndGlobal
